
Microsoft Visual Studio Solution File, Format Version 11.00
# Visual Studio 2010
Project("{FAE04EC0-301F-11D3-BF4B-00C04F79EFBC}") = "ProductsManagement", "ProductsManagement\ProductsManagement.csproj", "{1FC4C730-F757-4E24-B26F-4D8369A63FA6}"
EndProject
Global
	GlobalSection(SolutionConfigurationPlatforms) = preSolution
		Debug|Any CPU = Debug|Any CPU
		Release|Any CPU = Release|Any CPU
	EndGlobalSection
	GlobalSection(ProjectConfigurationPlatforms) = postSolution
		{1FC4C730-F757-4E24-B26F-4D8369A63FA6}.Debug|Any CPU.ActiveCfg = Debug|Any CPU
		{1FC4C730-F757-4E24-B26F-4D8369A63FA6}.Debug|Any CPU.Build.0 = Debug|Any CPU
		{1FC4C730-F757-4E24-B26F-4D8369A63FA6}.Release|Any CPU.ActiveCfg = Release|Any CPU
		{1FC4C730-F757-4E24-B26F-4D8369A63FA6}.Release|Any CPU.Build.0 = Release|Any CPU
	EndGlobalSection
	GlobalSection(SolutionProperties) = preSolution
		HideSolutionNode = FALSE
	EndGlobalSection
EndGlobal
